
Microsoft Visual Studio Solution File, Format Version 12.00
# Visual Studio Version 17
VisualStudioVersion = 17.8.34525.116
MinimumVisualStudioVersion = 10.0.40219.1
Project("{2150E333-8FDC-42A3-9474-1A3956D46DE8}") = "src", "src", "{4A61D8C6-3F3F-4E58-B75C-94861782C277}"
EndProject
Project("{2150E333-8FDC-42A3-9474-1A3956D46DE8}") = "BackEnd", "BackEnd", "{25A2561F-FEDD-4892-A4C0-91632681D4DE}"
EndProject
Project("{2150E333-8FDC-42A3-9474-1A3956D46DE8}") = "FrontEnd", "FrontEnd", "{E34D6123-D0E8-4D13-8C2E-0CF0CBC91253}"
EndProject
Project("{9A19103F-16F7-4668-BE54-9A1E7A4F7556}") = "HotelSolEmmanuel.Common.Data", "HotelSolEmmanuelCommon.Data\HotelSolEmmanuel.Common.Data.csproj", "{C0A04BC5-EBAD-4B75-AF42-4A5298ACD6CE}"
EndProject
Project("{2150E333-8FDC-42A3-9474-1A3956D46DE8}") = "common", "common", "{E766E34D-47E5-439E-B58C-D30DC56B811E}"
EndProject
Project("{2150E333-8FDC-42A3-9474-1A3956D46DE8}") = "infrastructure", "infrastructure", "{58BD0DD0-D5F1-480F-B522-A179D17C40BC}"
EndProject
Project("{2150E333-8FDC-42A3-9474-1A3956D46DE8}") = "modules", "modules", "{F236B467-55FD-4810-8F31-BD6C120C35DA}"
EndProject
Project("{2150E333-8FDC-42A3-9474-1A3956D46DE8}") = "Room Management", "Room Management", "{9742D75F-E6A0-4295-966F-0C30BBCDD0D8}"
EndProject
Project("{9A19103F-16F7-4668-BE54-9A1E7A4F7556}") = "Hotel.Room.Persistence", "Hotel.Persistence\Hotel.Room.Persistence.csproj", "{4D8D39AE-6A97-4488-A1B2-ED412892DC1A}"
EndProject
Project("{9A19103F-16F7-4668-BE54-9A1E7A4F7556}") = "Hotel.Infrastructure", "Hotel.Infrastructure\Hotel.Infrastructure.csproj", "{F435B86F-DD8C-49B1-B980-CE87F185BA9C}"
EndProject
Project("{2150E333-8FDC-42A3-9474-1A3956D46DE8}") = "APIs", "APIs", "{FF209747-FEBC-4265-B1D8-986FC4B3DF01}"
EndProject
Project("{2150E333-8FDC-42A3-9474-1A3956D46DE8}") = "Application", "Application", "{44311272-CD12-434B-81D6-1984EF1EA605}"
EndProject
Project("{2150E333-8FDC-42A3-9474-1A3956D46DE8}") = "Domain", "Domain", "{7817782D-D693-4850-A958-E50D443A8F17}"
EndProject
Project("{9A19103F-16F7-4668-BE54-9A1E7A4F7556}") = "Hotel.Room.Domain", "HotelRoom.Domain\Hotel.Room.Domain.csproj", "{3CCEF18F-EAB4-48DA-AF0C-FF0880DFD8F7}"
EndProject
Project("{9A19103F-16F7-4668-BE54-9A1E7A4F7556}") = "Hotel.Room.Application", "HotelRoom.Application\Hotel.Room.Application.csproj", "{BFA98CC4-D616-406E-A08E-02F1AEFAC2AC}"
EndProject
Project("{2150E333-8FDC-42A3-9474-1A3956D46DE8}") = "Persistence", "Persistence", "{8DE00765-2C6F-4E48-AC76-EECB07BC9C0E}"
EndProject
Project("{9A19103F-16F7-4668-BE54-9A1E7A4F7556}") = "Hotel.Room.API", "HotelRoom.API\Hotel.Room.API.csproj", "{521D6642-62E2-4F5A-8309-AC6CDFFAA070}"
EndProject
Project("{9A19103F-16F7-4668-BE54-9A1E7A4F7556}") = "HotelSolEmmanuel.Web", "HotelSolEmmanuel\HotelSolEmmanuel.Web.csproj", "{0A27252B-571A-4B45-B81F-122549141818}"
EndProject
Project("{2150E333-8FDC-42A3-9474-1A3956D46DE8}") = "IOC", "IOC", "{0CFDB83E-9CFC-4509-A386-8E8F52E5716C}"
EndProject
Project("{9A19103F-16F7-4668-BE54-9A1E7A4F7556}") = "HotelSolEmmanuel.RoomManagement.IOC", "HotelSolEmmanuel.RoomManagement.IOC\HotelSolEmmanuel.RoomManagement.IOC.csproj", "{BA669D94-BD50-4532-A0D0-9C10A3719335}"
EndProject
Global
	GlobalSection(SolutionConfigurationPlatforms) = preSolution
		Debug|Any CPU = Debug|Any CPU
		Release|Any CPU = Release|Any CPU
	EndGlobalSection
	GlobalSection(ProjectConfigurationPlatforms) = postSolution
		{C0A04BC5-EBAD-4B75-AF42-4A5298ACD6CE}.Debug|Any CPU.ActiveCfg = Debug|Any CPU
		{C0A04BC5-EBAD-4B75-AF42-4A5298ACD6CE}.Debug|Any CPU.Build.0 = Debug|Any CPU
		{C0A04BC5-EBAD-4B75-AF42-4A5298ACD6CE}.Release|Any CPU.ActiveCfg = Release|Any CPU
		{C0A04BC5-EBAD-4B75-AF42-4A5298ACD6CE}.Release|Any CPU.Build.0 = Release|Any CPU
		{4D8D39AE-6A97-4488-A1B2-ED412892DC1A}.Debug|Any CPU.ActiveCfg = Debug|Any CPU
		{4D8D39AE-6A97-4488-A1B2-ED412892DC1A}.Debug|Any CPU.Build.0 = Debug|Any CPU
		{4D8D39AE-6A97-4488-A1B2-ED412892DC1A}.Release|Any CPU.ActiveCfg = Release|Any CPU
		{4D8D39AE-6A97-4488-A1B2-ED412892DC1A}.Release|Any CPU.Build.0 = Release|Any CPU
		{F435B86F-DD8C-49B1-B980-CE87F185BA9C}.Debug|Any CPU.ActiveCfg = Debug|Any CPU
		{F435B86F-DD8C-49B1-B980-CE87F185BA9C}.Debug|Any CPU.Build.0 = Debug|Any CPU
		{F435B86F-DD8C-49B1-B980-CE87F185BA9C}.Release|Any CPU.ActiveCfg = Release|Any CPU
		{F435B86F-DD8C-49B1-B980-CE87F185BA9C}.Release|Any CPU.Build.0 = Release|Any CPU
		{3CCEF18F-EAB4-48DA-AF0C-FF0880DFD8F7}.Debug|Any CPU.ActiveCfg = Debug|Any CPU
		{3CCEF18F-EAB4-48DA-AF0C-FF0880DFD8F7}.Debug|Any CPU.Build.0 = Debug|Any CPU
		{3CCEF18F-EAB4-48DA-AF0C-FF0880DFD8F7}.Release|Any CPU.ActiveCfg = Release|Any CPU
		{3CCEF18F-EAB4-48DA-AF0C-FF0880DFD8F7}.Release|Any CPU.Build.0 = Release|Any CPU
		{BFA98CC4-D616-406E-A08E-02F1AEFAC2AC}.Debug|Any CPU.ActiveCfg = Debug|Any CPU
		{BFA98CC4-D616-406E-A08E-02F1AEFAC2AC}.Debug|Any CPU.Build.0 = Debug|Any CPU
		{BFA98CC4-D616-406E-A08E-02F1AEFAC2AC}.Release|Any CPU.ActiveCfg = Release|Any CPU
		{BFA98CC4-D616-406E-A08E-02F1AEFAC2AC}.Release|Any CPU.Build.0 = Release|Any CPU
		{521D6642-62E2-4F5A-8309-AC6CDFFAA070}.Debug|Any CPU.ActiveCfg = Debug|Any CPU
		{521D6642-62E2-4F5A-8309-AC6CDFFAA070}.Debug|Any CPU.Build.0 = Debug|Any CPU
		{521D6642-62E2-4F5A-8309-AC6CDFFAA070}.Release|Any CPU.ActiveCfg = Release|Any CPU
		{521D6642-62E2-4F5A-8309-AC6CDFFAA070}.Release|Any CPU.Build.0 = Release|Any CPU
		{0A27252B-571A-4B45-B81F-122549141818}.Debug|Any CPU.ActiveCfg = Debug|Any CPU
		{0A27252B-571A-4B45-B81F-122549141818}.Debug|Any CPU.Build.0 = Debug|Any CPU
		{0A27252B-571A-4B45-B81F-122549141818}.Release|Any CPU.ActiveCfg = Release|Any CPU
		{0A27252B-571A-4B45-B81F-122549141818}.Release|Any CPU.Build.0 = Release|Any CPU
		{BA669D94-BD50-4532-A0D0-9C10A3719335}.Debug|Any CPU.ActiveCfg = Debug|Any CPU
		{BA669D94-BD50-4532-A0D0-9C10A3719335}.Debug|Any CPU.Build.0 = Debug|Any CPU
		{BA669D94-BD50-4532-A0D0-9C10A3719335}.Release|Any CPU.ActiveCfg = Release|Any CPU
		{BA669D94-BD50-4532-A0D0-9C10A3719335}.Release|Any CPU.Build.0 = Release|Any CPU
	EndGlobalSection
	GlobalSection(SolutionProperties) = preSolution
		HideSolutionNode = FALSE
	EndGlobalSection
	GlobalSection(NestedProjects) = preSolution
		{25A2561F-FEDD-4892-A4C0-91632681D4DE} = {4A61D8C6-3F3F-4E58-B75C-94861782C277}
		{E34D6123-D0E8-4D13-8C2E-0CF0CBC91253} = {4A61D8C6-3F3F-4E58-B75C-94861782C277}
		{C0A04BC5-EBAD-4B75-AF42-4A5298ACD6CE} = {E766E34D-47E5-439E-B58C-D30DC56B811E}
		{E766E34D-47E5-439E-B58C-D30DC56B811E} = {25A2561F-FEDD-4892-A4C0-91632681D4DE}
		{58BD0DD0-D5F1-480F-B522-A179D17C40BC} = {25A2561F-FEDD-4892-A4C0-91632681D4DE}
		{F236B467-55FD-4810-8F31-BD6C120C35DA} = {25A2561F-FEDD-4892-A4C0-91632681D4DE}
		{9742D75F-E6A0-4295-966F-0C30BBCDD0D8} = {F236B467-55FD-4810-8F31-BD6C120C35DA}
		{4D8D39AE-6A97-4488-A1B2-ED412892DC1A} = {8DE00765-2C6F-4E48-AC76-EECB07BC9C0E}
		{F435B86F-DD8C-49B1-B980-CE87F185BA9C} = {58BD0DD0-D5F1-480F-B522-A179D17C40BC}
		{FF209747-FEBC-4265-B1D8-986FC4B3DF01} = {9742D75F-E6A0-4295-966F-0C30BBCDD0D8}
		{44311272-CD12-434B-81D6-1984EF1EA605} = {9742D75F-E6A0-4295-966F-0C30BBCDD0D8}
		{7817782D-D693-4850-A958-E50D443A8F17} = {9742D75F-E6A0-4295-966F-0C30BBCDD0D8}
		{3CCEF18F-EAB4-48DA-AF0C-FF0880DFD8F7} = {7817782D-D693-4850-A958-E50D443A8F17}
		{BFA98CC4-D616-406E-A08E-02F1AEFAC2AC} = {44311272-CD12-434B-81D6-1984EF1EA605}
		{8DE00765-2C6F-4E48-AC76-EECB07BC9C0E} = {9742D75F-E6A0-4295-966F-0C30BBCDD0D8}
		{521D6642-62E2-4F5A-8309-AC6CDFFAA070} = {FF209747-FEBC-4265-B1D8-986FC4B3DF01}
		{0A27252B-571A-4B45-B81F-122549141818} = {E34D6123-D0E8-4D13-8C2E-0CF0CBC91253}
		{0CFDB83E-9CFC-4509-A386-8E8F52E5716C} = {9742D75F-E6A0-4295-966F-0C30BBCDD0D8}
		{BA669D94-BD50-4532-A0D0-9C10A3719335} = {0CFDB83E-9CFC-4509-A386-8E8F52E5716C}
	EndGlobalSection
	GlobalSection(ExtensibilityGlobals) = postSolution
		SolutionGuid = {B017EA10-E529-4D74-AEC8-DD60EC54F413}
	EndGlobalSection
EndGlobal
