
Microsoft Visual Studio Solution File, Format Version 12.00
# Visual Studio Version 17
VisualStudioVersion = 17.8.34525.116
MinimumVisualStudioVersion = 10.0.40219.1
Project("{2150E333-8FDC-42A3-9474-1A3956D46DE8}") = "src", "src", "{4A61D8C6-3F3F-4E58-B75C-94861782C277}"
EndProject
Project("{2150E333-8FDC-42A3-9474-1A3956D46DE8}") = "BackEnd", "BackEnd", "{25A2561F-FEDD-4892-A4C0-91632681D4DE}"
EndProject
Project("{2150E333-8FDC-42A3-9474-1A3956D46DE8}") = "FrontEnd", "FrontEnd", "{E34D6123-D0E8-4D13-8C2E-0CF0CBC91253}"
EndProject
Project("{9A19103F-16F7-4668-BE54-9A1E7A4F7556}") = "HotelSolEmmanuel.Common.Data", "HotelSolEmmanuelCommon.Data\HotelSolEmmanuel.Common.Data.csproj", "{C0A04BC5-EBAD-4B75-AF42-4A5298ACD6CE}"
EndProject
Project("{2150E333-8FDC-42A3-9474-1A3956D46DE8}") = "common", "common", "{E766E34D-47E5-439E-B58C-D30DC56B811E}"
EndProject
Project("{2150E333-8FDC-42A3-9474-1A3956D46DE8}") = "infrastructure", "infrastructure", "{58BD0DD0-D5F1-480F-B522-A179D17C40BC}"
EndProject
Project("{2150E333-8FDC-42A3-9474-1A3956D46DE8}") = "modules", "modules", "{F236B467-55FD-4810-8F31-BD6C120C35DA}"
EndProject
Project("{9A19103F-16F7-4668-BE54-9A1E7A4F7556}") = "HotelSolEmmanuel.Web", "HotelSolEmmanuel\HotelSolEmmanuel.Web.csproj", "{0A27252B-571A-4B45-B81F-122549141818}"
EndProject
Project("{2150E333-8FDC-42A3-9474-1A3956D46DE8}") = "Categoria Management", "Categoria Management", "{2149AEA5-72E6-4810-95CE-9D576CF085D2}"
EndProject
Project("{2150E333-8FDC-42A3-9474-1A3956D46DE8}") = "APIs", "APIs", "{16A0E31A-8666-4267-A077-B8400CB8AF9E}"
EndProject
Project("{2150E333-8FDC-42A3-9474-1A3956D46DE8}") = "Application", "Application", "{5D48AA2F-0821-4306-9F76-5C7F4C5E4476}"
EndProject
Project("{2150E333-8FDC-42A3-9474-1A3956D46DE8}") = "Domain", "Domain", "{4403D787-ADB1-4C9C-AFFF-DA907AF5CD0B}"
EndProject
Project("{2150E333-8FDC-42A3-9474-1A3956D46DE8}") = "IOC", "IOC", "{5C17108C-B2DC-4EFC-8B13-307655DCCDCE}"
EndProject
Project("{9A19103F-16F7-4668-BE54-9A1E7A4F7556}") = "HotelSolEmmanuel.Categoria.API", "HotelSolEmmanuel.Categoria.API\HotelSolEmmanuel.Categoria.API.csproj", "{3D15BD5A-7A0B-4B73-9944-A9B60D36A6F5}"
EndProject
Project("{9A19103F-16F7-4668-BE54-9A1E7A4F7556}") = "HotelSolEmmanuel.Categoria.Application", "HotelSolEmmanuel.Categoria.Application\HotelSolEmmanuel.Categoria.Application.csproj", "{DBAAEE41-A89B-49DE-ACBC-617BA3430D56}"
EndProject
Project("{9A19103F-16F7-4668-BE54-9A1E7A4F7556}") = "HotelSolEmmanuel.Categoria.Domain", "HotelSolEmmanuel.Categoria.Domain\HotelSolEmmanuel.Categoria.Domain.csproj", "{3171B2EB-A0DE-4A57-ADFA-126885B3614C}"
EndProject
Project("{9A19103F-16F7-4668-BE54-9A1E7A4F7556}") = "HotelSolEmmanuel.Categoria.IOC", "HotelSolEmmanuel.Categoria.IOC\HotelSolEmmanuel.Categoria.IOC.csproj", "{0FCAA5F4-C907-44D2-8402-532572A809D9}"
EndProject
Project("{2150E333-8FDC-42A3-9474-1A3956D46DE8}") = "Persistence", "Persistence", "{D85666EB-D54E-4307-95A0-12C1C1423F57}"
EndProject
Project("{9A19103F-16F7-4668-BE54-9A1E7A4F7556}") = "HotelSolEmmanuel.Categoria.Persistence", "HotelSolEmmanuel.Categoria.Persistence\HotelSolEmmanuel.Categoria.Persistence.csproj", "{A8473E03-F64B-48F9-A26E-2DBD87FE63BB}"
EndProject
Project("{2150E333-8FDC-42A3-9474-1A3956D46DE8}") = "Cliente Management", "Cliente Management", "{E14E708A-916D-4DDF-8582-07DAEC63083F}"
EndProject
Project("{2150E333-8FDC-42A3-9474-1A3956D46DE8}") = "APIs", "APIs", "{FF2495F2-F0B6-4043-B622-3E447E8D166F}"
EndProject
Project("{9A19103F-16F7-4668-BE54-9A1E7A4F7556}") = "HotelSolEmmanuel.Cliente.API", "HotelSolEmmanuel.Cliente.API\HotelSolEmmanuel.Cliente.API.csproj", "{792C7285-1042-4CA2-82A9-AAC7D2EFAD34}"
EndProject
Project("{2150E333-8FDC-42A3-9474-1A3956D46DE8}") = "Application", "Application", "{CAFC40E9-8F68-40BF-BC89-07081D0773E8}"
EndProject
Project("{9A19103F-16F7-4668-BE54-9A1E7A4F7556}") = "HotelSolEmmanuel.Cliente.Application", "HotelSolEmmanuel.Cliente.Application\HotelSolEmmanuel.Cliente.Application.csproj", "{9F323917-1E08-4BAF-BBD7-EF4C3CCD4E43}"
EndProject
Project("{2150E333-8FDC-42A3-9474-1A3956D46DE8}") = "Domain", "Domain", "{90EA7E21-AB8E-4A62-BED1-1845F9DD4815}"
EndProject
Project("{9A19103F-16F7-4668-BE54-9A1E7A4F7556}") = "HotelSolEmmanuel.Cliente.Domain", "HotelSolEmmanuel.Cliente.Domain\HotelSolEmmanuel.Cliente.Domain.csproj", "{020B98C3-902B-4096-B00F-D0C552EA9FBB}"
EndProject
Project("{2150E333-8FDC-42A3-9474-1A3956D46DE8}") = "IOC", "IOC", "{0353A340-F26D-41A6-A940-55B70CC9A0DF}"
EndProject
Project("{9A19103F-16F7-4668-BE54-9A1E7A4F7556}") = "HotelSolEmmanuel.Cliente.IOC", "HotelSolEmmanuel.Cliente.IOC\HotelSolEmmanuel.Cliente.IOC.csproj", "{3D2A0987-D170-48A5-BB42-8B0E045A8D28}"
EndProject
Project("{2150E333-8FDC-42A3-9474-1A3956D46DE8}") = "Persistence", "Persistence", "{805DDA64-54C7-4E39-B04B-01125534D0C6}"
EndProject
Project("{9A19103F-16F7-4668-BE54-9A1E7A4F7556}") = "HotelSolEmmanuel.Cliente.Persistence", "HotelSolEmmanuel.Cliente.Persistence\HotelSolEmmanuel.Cliente.Persistence.csproj", "{749FCAC8-6870-4F8D-AB6D-5345BA5C1C5F}"
EndProject
Project("{9A19103F-16F7-4668-BE54-9A1E7A4F7556}") = "HotelSolEmmanuel.Infrastructure", "HotelSolEmmanuel.Infrastructure\HotelSolEmmanuel.Infrastructure.csproj", "{CEEF3628-3D96-4671-B8DC-547D627AFFA4}"
EndProject
Global
	GlobalSection(SolutionConfigurationPlatforms) = preSolution
		Debug|Any CPU = Debug|Any CPU
		Release|Any CPU = Release|Any CPU
	EndGlobalSection
	GlobalSection(ProjectConfigurationPlatforms) = postSolution
		{C0A04BC5-EBAD-4B75-AF42-4A5298ACD6CE}.Debug|Any CPU.ActiveCfg = Debug|Any CPU
		{C0A04BC5-EBAD-4B75-AF42-4A5298ACD6CE}.Debug|Any CPU.Build.0 = Debug|Any CPU
		{C0A04BC5-EBAD-4B75-AF42-4A5298ACD6CE}.Release|Any CPU.ActiveCfg = Release|Any CPU
		{C0A04BC5-EBAD-4B75-AF42-4A5298ACD6CE}.Release|Any CPU.Build.0 = Release|Any CPU
		{0A27252B-571A-4B45-B81F-122549141818}.Debug|Any CPU.ActiveCfg = Debug|Any CPU
		{0A27252B-571A-4B45-B81F-122549141818}.Debug|Any CPU.Build.0 = Debug|Any CPU
		{0A27252B-571A-4B45-B81F-122549141818}.Release|Any CPU.ActiveCfg = Release|Any CPU
		{0A27252B-571A-4B45-B81F-122549141818}.Release|Any CPU.Build.0 = Release|Any CPU
		{3D15BD5A-7A0B-4B73-9944-A9B60D36A6F5}.Debug|Any CPU.ActiveCfg = Debug|Any CPU
		{3D15BD5A-7A0B-4B73-9944-A9B60D36A6F5}.Debug|Any CPU.Build.0 = Debug|Any CPU
		{3D15BD5A-7A0B-4B73-9944-A9B60D36A6F5}.Release|Any CPU.ActiveCfg = Release|Any CPU
		{3D15BD5A-7A0B-4B73-9944-A9B60D36A6F5}.Release|Any CPU.Build.0 = Release|Any CPU
		{DBAAEE41-A89B-49DE-ACBC-617BA3430D56}.Debug|Any CPU.ActiveCfg = Debug|Any CPU
		{DBAAEE41-A89B-49DE-ACBC-617BA3430D56}.Debug|Any CPU.Build.0 = Debug|Any CPU
		{DBAAEE41-A89B-49DE-ACBC-617BA3430D56}.Release|Any CPU.ActiveCfg = Release|Any CPU
		{DBAAEE41-A89B-49DE-ACBC-617BA3430D56}.Release|Any CPU.Build.0 = Release|Any CPU
		{3171B2EB-A0DE-4A57-ADFA-126885B3614C}.Debug|Any CPU.ActiveCfg = Debug|Any CPU
		{3171B2EB-A0DE-4A57-ADFA-126885B3614C}.Debug|Any CPU.Build.0 = Debug|Any CPU
		{3171B2EB-A0DE-4A57-ADFA-126885B3614C}.Release|Any CPU.ActiveCfg = Release|Any CPU
		{3171B2EB-A0DE-4A57-ADFA-126885B3614C}.Release|Any CPU.Build.0 = Release|Any CPU
		{0FCAA5F4-C907-44D2-8402-532572A809D9}.Debug|Any CPU.ActiveCfg = Debug|Any CPU
		{0FCAA5F4-C907-44D2-8402-532572A809D9}.Debug|Any CPU.Build.0 = Debug|Any CPU
		{0FCAA5F4-C907-44D2-8402-532572A809D9}.Release|Any CPU.ActiveCfg = Release|Any CPU
		{0FCAA5F4-C907-44D2-8402-532572A809D9}.Release|Any CPU.Build.0 = Release|Any CPU
		{A8473E03-F64B-48F9-A26E-2DBD87FE63BB}.Debug|Any CPU.ActiveCfg = Debug|Any CPU
		{A8473E03-F64B-48F9-A26E-2DBD87FE63BB}.Debug|Any CPU.Build.0 = Debug|Any CPU
		{A8473E03-F64B-48F9-A26E-2DBD87FE63BB}.Release|Any CPU.ActiveCfg = Release|Any CPU
		{A8473E03-F64B-48F9-A26E-2DBD87FE63BB}.Release|Any CPU.Build.0 = Release|Any CPU
		{792C7285-1042-4CA2-82A9-AAC7D2EFAD34}.Debug|Any CPU.ActiveCfg = Debug|Any CPU
		{792C7285-1042-4CA2-82A9-AAC7D2EFAD34}.Debug|Any CPU.Build.0 = Debug|Any CPU
		{792C7285-1042-4CA2-82A9-AAC7D2EFAD34}.Release|Any CPU.ActiveCfg = Release|Any CPU
		{792C7285-1042-4CA2-82A9-AAC7D2EFAD34}.Release|Any CPU.Build.0 = Release|Any CPU
		{9F323917-1E08-4BAF-BBD7-EF4C3CCD4E43}.Debug|Any CPU.ActiveCfg = Debug|Any CPU
		{9F323917-1E08-4BAF-BBD7-EF4C3CCD4E43}.Debug|Any CPU.Build.0 = Debug|Any CPU
		{9F323917-1E08-4BAF-BBD7-EF4C3CCD4E43}.Release|Any CPU.ActiveCfg = Release|Any CPU
		{9F323917-1E08-4BAF-BBD7-EF4C3CCD4E43}.Release|Any CPU.Build.0 = Release|Any CPU
		{020B98C3-902B-4096-B00F-D0C552EA9FBB}.Debug|Any CPU.ActiveCfg = Debug|Any CPU
		{020B98C3-902B-4096-B00F-D0C552EA9FBB}.Debug|Any CPU.Build.0 = Debug|Any CPU
		{020B98C3-902B-4096-B00F-D0C552EA9FBB}.Release|Any CPU.ActiveCfg = Release|Any CPU
		{020B98C3-902B-4096-B00F-D0C552EA9FBB}.Release|Any CPU.Build.0 = Release|Any CPU
		{3D2A0987-D170-48A5-BB42-8B0E045A8D28}.Debug|Any CPU.ActiveCfg = Debug|Any CPU
		{3D2A0987-D170-48A5-BB42-8B0E045A8D28}.Debug|Any CPU.Build.0 = Debug|Any CPU
		{3D2A0987-D170-48A5-BB42-8B0E045A8D28}.Release|Any CPU.ActiveCfg = Release|Any CPU
		{3D2A0987-D170-48A5-BB42-8B0E045A8D28}.Release|Any CPU.Build.0 = Release|Any CPU
		{749FCAC8-6870-4F8D-AB6D-5345BA5C1C5F}.Debug|Any CPU.ActiveCfg = Debug|Any CPU
		{749FCAC8-6870-4F8D-AB6D-5345BA5C1C5F}.Debug|Any CPU.Build.0 = Debug|Any CPU
		{749FCAC8-6870-4F8D-AB6D-5345BA5C1C5F}.Release|Any CPU.ActiveCfg = Release|Any CPU
		{749FCAC8-6870-4F8D-AB6D-5345BA5C1C5F}.Release|Any CPU.Build.0 = Release|Any CPU
		{CEEF3628-3D96-4671-B8DC-547D627AFFA4}.Debug|Any CPU.ActiveCfg = Debug|Any CPU
		{CEEF3628-3D96-4671-B8DC-547D627AFFA4}.Debug|Any CPU.Build.0 = Debug|Any CPU
		{CEEF3628-3D96-4671-B8DC-547D627AFFA4}.Release|Any CPU.ActiveCfg = Release|Any CPU
		{CEEF3628-3D96-4671-B8DC-547D627AFFA4}.Release|Any CPU.Build.0 = Release|Any CPU
	EndGlobalSection
	GlobalSection(SolutionProperties) = preSolution
		HideSolutionNode = FALSE
	EndGlobalSection
	GlobalSection(NestedProjects) = preSolution
		{25A2561F-FEDD-4892-A4C0-91632681D4DE} = {4A61D8C6-3F3F-4E58-B75C-94861782C277}
		{E34D6123-D0E8-4D13-8C2E-0CF0CBC91253} = {4A61D8C6-3F3F-4E58-B75C-94861782C277}
		{C0A04BC5-EBAD-4B75-AF42-4A5298ACD6CE} = {E766E34D-47E5-439E-B58C-D30DC56B811E}
		{E766E34D-47E5-439E-B58C-D30DC56B811E} = {25A2561F-FEDD-4892-A4C0-91632681D4DE}
		{58BD0DD0-D5F1-480F-B522-A179D17C40BC} = {25A2561F-FEDD-4892-A4C0-91632681D4DE}
		{F236B467-55FD-4810-8F31-BD6C120C35DA} = {25A2561F-FEDD-4892-A4C0-91632681D4DE}
		{0A27252B-571A-4B45-B81F-122549141818} = {E34D6123-D0E8-4D13-8C2E-0CF0CBC91253}
		{2149AEA5-72E6-4810-95CE-9D576CF085D2} = {F236B467-55FD-4810-8F31-BD6C120C35DA}
		{16A0E31A-8666-4267-A077-B8400CB8AF9E} = {2149AEA5-72E6-4810-95CE-9D576CF085D2}
		{5D48AA2F-0821-4306-9F76-5C7F4C5E4476} = {2149AEA5-72E6-4810-95CE-9D576CF085D2}
		{4403D787-ADB1-4C9C-AFFF-DA907AF5CD0B} = {2149AEA5-72E6-4810-95CE-9D576CF085D2}
		{5C17108C-B2DC-4EFC-8B13-307655DCCDCE} = {2149AEA5-72E6-4810-95CE-9D576CF085D2}
		{3D15BD5A-7A0B-4B73-9944-A9B60D36A6F5} = {16A0E31A-8666-4267-A077-B8400CB8AF9E}
		{DBAAEE41-A89B-49DE-ACBC-617BA3430D56} = {5D48AA2F-0821-4306-9F76-5C7F4C5E4476}
		{3171B2EB-A0DE-4A57-ADFA-126885B3614C} = {4403D787-ADB1-4C9C-AFFF-DA907AF5CD0B}
		{0FCAA5F4-C907-44D2-8402-532572A809D9} = {5C17108C-B2DC-4EFC-8B13-307655DCCDCE}
		{D85666EB-D54E-4307-95A0-12C1C1423F57} = {2149AEA5-72E6-4810-95CE-9D576CF085D2}
		{A8473E03-F64B-48F9-A26E-2DBD87FE63BB} = {D85666EB-D54E-4307-95A0-12C1C1423F57}
		{E14E708A-916D-4DDF-8582-07DAEC63083F} = {F236B467-55FD-4810-8F31-BD6C120C35DA}
		{FF2495F2-F0B6-4043-B622-3E447E8D166F} = {E14E708A-916D-4DDF-8582-07DAEC63083F}
		{792C7285-1042-4CA2-82A9-AAC7D2EFAD34} = {FF2495F2-F0B6-4043-B622-3E447E8D166F}
		{CAFC40E9-8F68-40BF-BC89-07081D0773E8} = {E14E708A-916D-4DDF-8582-07DAEC63083F}
		{9F323917-1E08-4BAF-BBD7-EF4C3CCD4E43} = {CAFC40E9-8F68-40BF-BC89-07081D0773E8}
		{90EA7E21-AB8E-4A62-BED1-1845F9DD4815} = {E14E708A-916D-4DDF-8582-07DAEC63083F}
		{020B98C3-902B-4096-B00F-D0C552EA9FBB} = {90EA7E21-AB8E-4A62-BED1-1845F9DD4815}
		{0353A340-F26D-41A6-A940-55B70CC9A0DF} = {E14E708A-916D-4DDF-8582-07DAEC63083F}
		{3D2A0987-D170-48A5-BB42-8B0E045A8D28} = {0353A340-F26D-41A6-A940-55B70CC9A0DF}
		{805DDA64-54C7-4E39-B04B-01125534D0C6} = {E14E708A-916D-4DDF-8582-07DAEC63083F}
		{749FCAC8-6870-4F8D-AB6D-5345BA5C1C5F} = {805DDA64-54C7-4E39-B04B-01125534D0C6}
		{CEEF3628-3D96-4671-B8DC-547D627AFFA4} = {58BD0DD0-D5F1-480F-B522-A179D17C40BC}
	EndGlobalSection
	GlobalSection(ExtensibilityGlobals) = postSolution
		SolutionGuid = {B017EA10-E529-4D74-AEC8-DD60EC54F413}
	EndGlobalSection
EndGlobal
